
Microsoft Visual Studio Solution File, Format Version 12.00
# Visual Studio Version 16
VisualStudioVersion = 16.0.30114.105
MinimumVisualStudioVersion = 10.0.40219.1
Project("{FAE04EC0-301F-11D3-BF4B-00C04F79EFBC}") = "MemoryIncreaseTest", "MemoryIncreaseTest\MemoryIncreaseTest.csproj", "{D4498603-1211-41F2-9ED2-F0E698C1C2D0}"
EndProject
Project("{FAE04EC0-301F-11D3-BF4B-00C04F79EFBC}") = "Client", "Client\Client.csproj", "{E550C48E-E04F-4AC3-B6A9-5C57142233E7}"
EndProject
Global
	GlobalSection(SolutionConfigurationPlatforms) = preSolution
		Debug|Any CPU = Debug|Any CPU
		Release|Any CPU = Release|Any CPU
	EndGlobalSection
	GlobalSection(ProjectConfigurationPlatforms) = postSolution
		{D4498603-1211-41F2-9ED2-F0E698C1C2D0}.Debug|Any CPU.ActiveCfg = Debug|Any CPU
		{D4498603-1211-41F2-9ED2-F0E698C1C2D0}.Debug|Any CPU.Build.0 = Debug|Any CPU
		{D4498603-1211-41F2-9ED2-F0E698C1C2D0}.Release|Any CPU.ActiveCfg = Release|Any CPU
		{D4498603-1211-41F2-9ED2-F0E698C1C2D0}.Release|Any CPU.Build.0 = Release|Any CPU
		{E550C48E-E04F-4AC3-B6A9-5C57142233E7}.Debug|Any CPU.ActiveCfg = Debug|Any CPU
		{E550C48E-E04F-4AC3-B6A9-5C57142233E7}.Debug|Any CPU.Build.0 = Debug|Any CPU
		{E550C48E-E04F-4AC3-B6A9-5C57142233E7}.Release|Any CPU.ActiveCfg = Release|Any CPU
		{E550C48E-E04F-4AC3-B6A9-5C57142233E7}.Release|Any CPU.Build.0 = Release|Any CPU
	EndGlobalSection
	GlobalSection(SolutionProperties) = preSolution
		HideSolutionNode = FALSE
	EndGlobalSection
	GlobalSection(ExtensibilityGlobals) = postSolution
		SolutionGuid = {63CD92E4-A39B-42B4-83A7-E69A4E69519C}
	EndGlobalSection
EndGlobal
